
Microsoft Visual Studio Solution File, Format Version 12.00
# Visual Studio Version 17
VisualStudioVersion = 17.4.33103.184
MinimumVisualStudioVersion = 10.0.40219.1
Project("{FAE04EC0-301F-11D3-BF4B-00C04F79EFBC}") = "TestApiApp", "TestApiApp\TestApiApp.csproj", "{D7D940C2-E4BB-4D66-BFBA-FE1BFD5FEAAC}"
EndProject
Global
	GlobalSection(SolutionConfigurationPlatforms) = preSolution
		Debug|Any CPU = Debug|Any CPU
		Release|Any CPU = Release|Any CPU
	EndGlobalSection
	GlobalSection(ProjectConfigurationPlatforms) = postSolution
		{D7D940C2-E4BB-4D66-BFBA-FE1BFD5FEAAC}.Debug|Any CPU.ActiveCfg = Debug|Any CPU
		{D7D940C2-E4BB-4D66-BFBA-FE1BFD5FEAAC}.Debug|Any CPU.Build.0 = Debug|Any CPU
		{D7D940C2-E4BB-4D66-BFBA-FE1BFD5FEAAC}.Release|Any CPU.ActiveCfg = Release|Any CPU
		{D7D940C2-E4BB-4D66-BFBA-FE1BFD5FEAAC}.Release|Any CPU.Build.0 = Release|Any CPU
	EndGlobalSection
	GlobalSection(SolutionProperties) = preSolution
		HideSolutionNode = FALSE
	EndGlobalSection
	GlobalSection(ExtensibilityGlobals) = postSolution
		SolutionGuid = {5F902BCF-4047-4A76-B090-44201AAB031D}
	EndGlobalSection
EndGlobal
